// !$*UTF8*$!
{
	archiveVersion = 1;
	classes = {
	};
	objectVersion = 46;
	objects = {

/* Begin PBXBuildFile section */
		0099BF3C1C1D55BA00F0AEDE /* main.m in Sources */ = {isa = PBXBuildFile; fileRef = 0099BF3B1C1D55BA00F0AEDE /* main.m */; };
		0099BF3F1C1D55BA00F0AEDE /* AppDelegate.m in Sources */ = {isa = PBXBuildFile; fileRef = 0099BF3E1C1D55BA00F0AEDE /* AppDelegate.m */; };
		0099BF451C1D55BA00F0AEDE /* Main.storyboard in Resources */ = {isa = PBXBuildFile; fileRef = 0099BF431C1D55BA00F0AEDE /* Main.storyboard */; };
		0099BF471C1D55BA00F0AEDE /* Assets.xcassets in Resources */ = {isa = PBXBuildFile; fileRef = 0099BF461C1D55BA00F0AEDE /* Assets.xcassets */; };
		0099BF4A1C1D55BA00F0AEDE /* LaunchScreen.storyboard in Resources */ = {isa = PBXBuildFile; fileRef = 0099BF481C1D55BA00F0AEDE /* LaunchScreen.storyboard */; };
		0099BF551C1D55BA00F0AEDE /* ProjectTest1Tests.m in Sources */ = {isa = PBXBuildFile; fileRef = 0099BF541C1D55BA00F0AEDE /* ProjectTest1Tests.m */; };
		0099BF601C1D55BB00F0AEDE /* ProjectTest1UITests.m in Sources */ = {isa = PBXBuildFile; fileRef = 0099BF5F1C1D55BB00F0AEDE /* ProjectTest1UITests.m */; };
		AABE40F61C1D5B6700C54C67 /* BaseViewController.m in Sources */ = {isa = PBXBuildFile; fileRef = AABE40F51C1D5B6700C54C67 /* BaseViewController.m */; settings = {ASSET_TAGS = (); }; };
		AABE40FA1C1D5B8E00C54C67 /* RootViewController.m in Sources */ = {isa = PBXBuildFile; fileRef = AABE40F81C1D5B8E00C54C67 /* RootViewController.m */; settings = {ASSET_TAGS = (); }; };
		AABE40FB1C1D5B8E00C54C67 /* RootViewController.xib in Resources */ = {isa = PBXBuildFile; fileRef = AABE40F91C1D5B8E00C54C67 /* RootViewController.xib */; settings = {ASSET_TAGS = (); }; };
/* End PBXBuildFile section */

/* Begin PBXContainerItemProxy section */
		0099BF511C1D55BA00F0AEDE /* PBXContainerItemProxy */ = {
			isa = PBXContainerItemProxy;
			containerPortal = 0099BF2F1C1D55BA00F0AEDE /* Project object */;
			proxyType = 1;
			remoteGlobalIDString = 0099BF361C1D55BA00F0AEDE;
			remoteInfo = ProjectTest1;
		};
		0099BF5C1C1D55BA00F0AEDE /* PBXContainerItemProxy */ = {
			isa = PBXContainerItemProxy;
			containerPortal = 0099BF2F1C1D55BA00F0AEDE /* Project object */;
			proxyType = 1;
			remoteGlobalIDString = 0099BF361C1D55BA00F0AEDE;
			remoteInfo = ProjectTest1;
		};
/* End PBXContainerItemProxy section */

/* Begin PBXFileReference section */
		0099BF371C1D55BA00F0AEDE /* ProjectTest1.app */ = {isa = PBXFileReference; explicitFileType = wrapper.application; includeInIndex = 0; path = ProjectTest1.app; sourceTree = BUILT_PRODUCTS_DIR; };
		0099BF3B1C1D55BA00F0AEDE /* main.m */ = {isa = PBXFileReference; lastKnownFileType = sourcecode.c.objc; path = main.m; sourceTree = "<group>"; };
		0099BF3D1C1D55BA00F0AEDE /* AppDelegate.h */ = {isa = PBXFileReference; lastKnownFileType = sourcecode.c.h; path = AppDelegate.h; sourceTree = "<group>"; };
		0099BF3E1C1D55BA00F0AEDE /* AppDelegate.m */ = {isa = PBXFileReference; lastKnownFileType = sourcecode.c.objc; path = AppDelegate.m; sourceTree = "<group>"; };
		0099BF441C1D55BA00F0AEDE /* Base */ = {isa = PBXFileReference; lastKnownFileType = file.storyboard; name = Base; path = Base.lproj/Main.storyboard; sourceTree = "<group>"; };
		0099BF461C1D55BA00F0AEDE /* Assets.xcassets */ = {isa = PBXFileReference; lastKnownFileType = folder.assetcatalog; path = Assets.xcassets; sourceTree = "<group>"; };
		0099BF491C1D55BA00F0AEDE /* Base */ = {isa = PBXFileReference; lastKnownFileType = file.storyboard; name = Base; path = Base.lproj/LaunchScreen.storyboard; sourceTree = "<group>"; };
		0099BF4B1C1D55BA00F0AEDE /* Info.plist */ = {isa = PBXFileReference; lastKnownFileType = text.plist.xml; path = Info.plist; sourceTree = "<group>"; };
		0099BF501C1D55BA00F0AEDE /* ProjectTest1Tests.xctest */ = {isa = PBXFileReference; explicitFileType = wrapper.cfbundle; includeInIndex = 0; path = ProjectTest1Tests.xctest; sourceTree = BUILT_PRODUCTS_DIR; };
		0099BF541C1D55BA00F0AEDE /* ProjectTest1Tests.m */ = {isa = PBXFileReference; lastKnownFileType = sourcecode.c.objc; path = ProjectTest1Tests.m; sourceTree = "<group>"; };
		0099BF561C1D55BA00F0AEDE /* Info.plist */ = {isa = PBXFileReference; lastKnownFileType = text.plist.xml; path = Info.plist; sourceTree = "<group>"; };
		0099BF5B1C1D55BA00F0AEDE /* ProjectTest1UITests.xctest */ = {isa = PBXFileReference; explicitFileType = wrapper.cfbundle; includeInIndex = 0; path = ProjectTest1UITests.xctest; sourceTree = BUILT_PRODUCTS_DIR; };
		0099BF5F1C1D55BB00F0AEDE /* ProjectTest1UITests.m */ = {isa = PBXFileReference; lastKnownFileType = sourcecode.c.objc; path = ProjectTest1UITests.m; sourceTree = "<group>"; };
		0099BF611C1D55BB00F0AEDE /* Info.plist */ = {isa = PBXFileReference; lastKnownFileType = text.plist.xml; path = Info.plist; sourceTree = "<group>"; };
		AABE40F41C1D5B6700C54C67 /* BaseViewController.h */ = {isa = PBXFileReference; fileEncoding = 4; lastKnownFileType = sourcecode.c.h; name = BaseViewController.h; path = ../BaseViewController.h; sourceTree = "<group>"; };
		AABE40F51C1D5B6700C54C67 /* BaseViewController.m */ = {isa = PBXFileReference; fileEncoding = 4; lastKnownFileType = sourcecode.c.objc; name = BaseViewController.m; path = ../BaseViewController.m; sourceTree = "<group>"; };
		AABE40F71C1D5B8E00C54C67 /* RootViewController.h */ = {isa = PBXFileReference; fileEncoding = 4; lastKnownFileType = sourcecode.c.h; path = RootViewController.h; sourceTree = "<group>"; };
		AABE40F81C1D5B8E00C54C67 /* RootViewController.m */ = {isa = PBXFileReference; fileEncoding = 4; lastKnownFileType = sourcecode.c.objc; path = RootViewController.m; sourceTree = "<group>"; };
		AABE40F91C1D5B8E00C54C67 /* RootViewController.xib */ = {isa = PBXFileReference; fileEncoding = 4; lastKnownFileType = file.xib; path = RootViewController.xib; sourceTree = "<group>"; };
/* End PBXFileReference section */

/* Begin PBXFrameworksBuildPhase section */
		0099BF341C1D55BA00F0AEDE /* Frameworks */ = {
			isa = PBXFrameworksBuildPhase;
			buildActionMask = 2147483647;
			files = (
			);
			runOnlyForDeploymentPostprocessing = 0;
		};
		0099BF4D1C1D55BA00F0AEDE /* Frameworks */ = {
			isa = PBXFrameworksBuildPhase;
			buildActionMask = 2147483647;
			files = (
			);
			runOnlyForDeploymentPostprocessing = 0;
		};
		0099BF581C1D55BA00F0AEDE /* Frameworks */ = {
			isa = PBXFrameworksBuildPhase;
			buildActionMask = 2147483647;
			files = (
			);
			runOnlyForDeploymentPostprocessing = 0;
		};
/* End PBXFrameworksBuildPhase section */

/* Begin PBXGroup section */
		0099BF2E1C1D55BA00F0AEDE = {
			isa = PBXGroup;
			children = (
				0099BF391C1D55BA00F0AEDE /* ProjectTest1 */,
				0099BF531C1D55BA00F0AEDE /* ProjectTest1Tests */,
				0099BF5E1C1D55BB00F0AEDE /* ProjectTest1UITests */,
				0099BF381C1D55BA00F0AEDE /* Products */,
			);
			sourceTree = "<group>";
		};
		0099BF381C1D55BA00F0AEDE /* Products */ = {
			isa = PBXGroup;
			children = (
				0099BF371C1D55BA00F0AEDE /* ProjectTest1.app */,
				0099BF501C1D55BA00F0AEDE /* ProjectTest1Tests.xctest */,
				0099BF5B1C1D55BA00F0AEDE /* ProjectTest1UITests.xctest */,
			);
			name = Products;
			sourceTree = "<group>";
		};
		0099BF391C1D55BA00F0AEDE /* ProjectTest1 */ = {
			isa = PBXGroup;
			children = (
				0099BF3D1C1D55BA00F0AEDE /* AppDelegate.h */,
				0099BF3E1C1D55BA00F0AEDE /* AppDelegate.m */,
				AABE40F41C1D5B6700C54C67 /* BaseViewController.h */,
				AABE40F51C1D5B6700C54C67 /* BaseViewController.m */,
				AABE40F71C1D5B8E00C54C67 /* RootViewController.h */,
				AABE40F81C1D5B8E00C54C67 /* RootViewController.m */,
				AABE40F91C1D5B8E00C54C67 /* RootViewController.xib */,
				0099BF3A1C1D55BA00F0AEDE /* Supporting Files */,
			);
			path = ProjectTest1;
			sourceTree = "<group>";
		};
		0099BF3A1C1D55BA00F0AEDE /* Supporting Files */ = {
			isa = PBXGroup;
			children = (
				0099BF431C1D55BA00F0AEDE /* Main.storyboard */,
				0099BF461C1D55BA00F0AEDE /* Assets.xcassets */,
				0099BF481C1D55BA00F0AEDE /* LaunchScreen.storyboard */,
				0099BF4B1C1D55BA00F0AEDE /* Info.plist */,
				0099BF3B1C1D55BA00F0AEDE /* main.m */,
			);
			name = "Supporting Files";
			sourceTree = "<group>";
		};
		0099BF531C1D55BA00F0AEDE /* ProjectTest1Tests */ = {
			isa = PBXGroup;
			children = (
				0099BF541C1D55BA00F0AEDE /* ProjectTest1Tests.m */,
				0099BF561C1D55BA00F0AEDE /* Info.plist */,
			);
			path = ProjectTest1Tests;
			sourceTree = "<group>";
		};
		0099BF5E1C1D55BB00F0AEDE /* ProjectTest1UITests */ = {
			isa = PBXGroup;
			children = (
				0099BF5F1C1D55BB00F0AEDE /* ProjectTest1UITests.m */,
				0099BF611C1D55BB00F0AEDE /* Info.plist */,
			);
			path = ProjectTest1UITests;
			sourceTree = "<group>";
		};
/* End PBXGroup section */

/* Begin PBXNativeTarget section */
		0099BF361C1D55BA00F0AEDE /* ProjectTest1 */ = {
			isa = PBXNativeTarget;
			buildConfigurationList = 0099BF641C1D55BB00F0AEDE /* Build configuration list for PBXNativeTarget "ProjectTest1" */;
			buildPhases = (
				0099BF331C1D55BA00F0AEDE /* Sources */,
				0099BF341C1D55BA00F0AEDE /* Frameworks */,
				0099BF351C1D55BA00F0AEDE /* Resources */,
			);
			buildRules = (
			);
			dependencies = (
			);
			name = ProjectTest1;
			productName = ProjectTest1;
			productReference = 0099BF371C1D55BA00F0AEDE /* ProjectTest1.app */;
			productType = "com.apple.product-type.application";
		};
		0099BF4F1C1D55BA00F0AEDE /* ProjectTest1Tests */ = {
			isa = PBXNativeTarget;
			buildConfigurationList = 0099BF671C1D55BB00F0AEDE /* Build configuration list for PBXNativeTarget "ProjectTest1Tests" */;
			buildPhases = (
				0099BF4C1C1D55BA00F0AEDE /* Sources */,
				0099BF4D1C1D55BA00F0AEDE /* Frameworks */,
				0099BF4E1C1D55BA00F0AEDE /* Resources */,
			);
			buildRules = (
			);
			dependencies = (
				0099BF521C1D55BA00F0AEDE /* PBXTargetDependency */,
			);
			name = ProjectTest1Tests;
			productName = ProjectTest1Tests;
			productReference = 0099BF501C1D55BA00F0AEDE /* ProjectTest1Tests.xctest */;
			productType = "com.apple.product-type.bundle.unit-test";
		};
		0099BF5A1C1D55BA00F0AEDE /* ProjectTest1UITests */ = {
			isa = PBXNativeTarget;
			buildConfigurationList = 0099BF6A1C1D55BB00F0AEDE /* Build configuration list for PBXNativeTarget "ProjectTest1UITests" */;
			buildPhases = (
				0099BF571C1D55BA00F0AEDE /* Sources */,
				0099BF581C1D55BA00F0AEDE /* Frameworks */,
				0099BF591C1D55BA00F0AEDE /* Resources */,
			);
			buildRules = (
			);
			dependencies = (
				0099BF5D1C1D55BA00F0AEDE /* PBXTargetDependency */,
			);
			name = ProjectTest1UITests;
			productName = ProjectTest1UITests;
			productReference = 0099BF5B1C1D55BA00F0AEDE /* ProjectTest1UITests.xctest */;
			productType = "com.apple.product-type.bundle.ui-testing";
		};
/* End PBXNativeTarget section */

/* Begin PBXProject section */
		0099BF2F1C1D55BA00F0AEDE /* Project object */ = {
			isa = PBXProject;
			attributes = {
				LastUpgradeCheck = 0710;
				ORGANIZATIONNAME = a;
				TargetAttributes = {
					0099BF361C1D55BA00F0AEDE = {
						CreatedOnToolsVersion = 7.1.1;
						DevelopmentTeam = 5FNLCQ7EC4;
					};
					0099BF4F1C1D55BA00F0AEDE = {
						CreatedOnToolsVersion = 7.1.1;
						DevelopmentTeam = 5FNLCQ7EC4;
						TestTargetID = 0099BF361C1D55BA00F0AEDE;
					};
					0099BF5A1C1D55BA00F0AEDE = {
						CreatedOnToolsVersion = 7.1.1;
						DevelopmentTeam = 5FNLCQ7EC4;
						TestTargetID = 0099BF361C1D55BA00F0AEDE;
					};
				};
			};
			buildConfigurationList = 0099BF321C1D55BA00F0AEDE /* Build configuration list for PBXProject "ProjectTest1" */;
			compatibilityVersion = "Xcode 3.2";
			developmentRegion = English;
			hasScannedForEncodings = 0;
			knownRegions = (
				en,
				Base,
			);
			mainGroup = 0099BF2E1C1D55BA00F0AEDE;
			productRefGroup = 0099BF381C1D55BA00F0AEDE /* Products */;
			projectDirPath = "";
			projectRoot = "";
			targets = (
				0099BF361C1D55BA00F0AEDE /* ProjectTest1 */,
				0099BF4F1C1D55BA00F0AEDE /* ProjectTest1Tests */,
				0099BF5A1C1D55BA00F0AEDE /* ProjectTest1UITests */,
			);
		};
/* End PBXProject section */

/* Begin PBXResourcesBuildPhase section */
		0099BF351C1D55BA00F0AEDE /* Resources */ = {
			isa = PBXResourcesBuildPhase;
			buildActionMask = 2147483647;
			files = (
				0099BF4A1C1D55BA00F0AEDE /* LaunchScreen.storyboard in Resources */,
				0099BF471C1D55BA00F0AEDE /* Assets.xcassets in Resources */,
				AABE40FB1C1D5B8E00C54C67 /* RootViewController.xib in Resources */,
				0099BF451C1D55BA00F0AEDE /* Main.storyboard in Resources */,
			);
			runOnlyForDeploymentPostprocessing = 0;
		};
		0099BF4E1C1D55BA00F0AEDE /* Resources */ = {
			isa = PBXResourcesBuildPhase;
			buildActionMask = 2147483647;
			files = (
			);
			runOnlyForDeploymentPostprocessing = 0;
		};
		0099BF591C1D55BA00F0AEDE /* Resources */ = {
			isa = PBXResourcesBuildPhase;
			buildActionMask = 2147483647;
			files = (
			);
			runOnlyForDeploymentPostprocessing = 0;
		};
/* End PBXResourcesBuildPhase section */

/* Begin PBXSourcesBuildPhase section */
		0099BF331C1D55BA00F0AEDE /* Sources */ = {
			isa = PBXSourcesBuildPhase;
			buildActionMask = 2147483647;
			files = (
				0099BF3F1C1D55BA00F0AEDE /* AppDelegate.m in Sources */,
				AABE40F61C1D5B6700C54C67 /* BaseViewController.m in Sources */,
				AABE40FA1C1D5B8E00C54C67 /* RootViewController.m in Sources */,
				0099BF3C1C1D55BA00F0AEDE /* main.m in Sources */,
			);
			runOnlyForDeploymentPostprocessing = 0;
		};
		0099BF4C1C1D55BA00F0AEDE /* Sources */ = {
			isa = PBXSourcesBuildPhase;
			buildActionMask = 2147483647;
			files = (
				0099BF551C1D55BA00F0AEDE /* ProjectTest1Tests.m in Sources */,
			);
			runOnlyForDeploymentPostprocessing = 0;
		};
		0099BF571C1D55BA00F0AEDE /* Sources */ = {
			isa = PBXSourcesBuildPhase;
			buildActionMask = 2147483647;
			files = (
				0099BF601C1D55BB00F0AEDE /* ProjectTest1UITests.m in Sources */,
			);
			runOnlyForDeploymentPostprocessing = 0;
		};
/* End PBXSourcesBuildPhase section */

/* Begin PBXTargetDependency section */
		0099BF521C1D55BA00F0AEDE /* PBXTargetDependency */ = {
			isa = PBXTargetDependency;
			target = 0099BF361C1D55BA00F0AEDE /* ProjectTest1 */;
			targetProxy = 0099BF511C1D55BA00F0AEDE /* PBXContainerItemProxy */;
		};
		0099BF5D1C1D55BA00F0AEDE /* PBXTargetDependency */ = {
			isa = PBXTargetDependency;
			target = 0099BF361C1D55BA00F0AEDE /* ProjectTest1 */;
			targetProxy = 0099BF5C1C1D55BA00F0AEDE /* PBXContainerItemProxy */;
		};
/* End PBXTargetDependency section */

/* Begin PBXVariantGroup section */
		0099BF481C1D55BA00F0AEDE /* LaunchScreen.storyboard */ = {
			isa = PBXVariantGroup;
			children = (
				0099BF491C1D55BA00F0AEDE /* Base */,
			);
			name = LaunchScreen.storyboard;
			sourceTree = "<group>";
		};
/* End PBXVariantGroup section */

/* Begin XCBuildConfiguration section */
		0099BF621C1D55BB00F0AEDE /* Debug */ = {
			isa = XCBuildConfiguration;
			buildSettings = {
				ALWAYS_SEARCH_USER_PATHS = NO;
				CLANG_CXX_LANGUAGE_STANDARD = "gnu++0x";
				CLANG_CXX_LIBRARY = "libc++";
				CLANG_ENABLE_MODULES = YES;
				CLANG_ENABLE_OBJC_ARC = YES;
				CLANG_WARN_BOOL_CONVERSION = YES;
				CLANG_WARN_CONSTANT_CONVERSION = YES;
				CLANG_WARN_DIRECT_OBJC_ISA_USAGE = YES_ERROR;
				CLANG_WARN_EMPTY_BODY = YES;
				CLANG_WARN_ENUM_CONVERSION = YES;
				CLANG_WARN_INT_CONVERSION = YES;
				CLANG_WARN_OBJC_ROOT_CLASS = YES_ERROR;
				CLANG_WARN_UNREACHABLE_CODE = YES;
				CLANG_WARN__DUPLICATE_METHOD_MATCH = YES;
				"CODE_SIGN_IDENTITY[sdk=iphoneos*]" = "iPhone Developer";
				COPY_PHASE_STRIP = NO;
				DEBUG_INFORMATION_FORMAT = dwarf;
				ENABLE_STRICT_OBJC_MSGSEND = YES;
				ENABLE_TESTABILITY = YES;
				GCC_C_LANGUAGE_STANDARD = gnu99;
				GCC_DYNAMIC_NO_PIC = NO;
				GCC_NO_COMMON_BLOCKS = YES;
				GCC_OPTIMIZATION_LEVEL = 0;
				GCC_PREPROCESSOR_DEFINITIONS = (
					"DEBUG=1",
					"$(inherited)",
				);
				GCC_WARN_64_TO_32_BIT_CONVERSION = YES;
				GCC_WARN_ABOUT_RETURN_TYPE = YES_ERROR;
				GCC_WARN_UNDECLARED_SELECTOR = YES;
				GCC_WARN_UNINITIALIZED_AUTOS = YES_AGGRESSIVE;
				GCC_WARN_UNUSED_FUNCTION = YES;
				GCC_WARN_UNUSED_VARIABLE = YES;
				IPHONEOS_DEPLOYMENT_TARGET = 9.1;
				MTL_ENABLE_DEBUG_INFO = YES;
				ONLY_ACTIVE_ARCH = YES;
				SDKROOT = iphoneos;
			};
			name = Debug;
		};
		0099BF631C1D55BB00F0AEDE /* Release */ = {
			isa = XCBuildConfiguration;
			buildSettings = {
				ALWAYS_SEARCH_USER_PATHS = NO;
				CLANG_CXX_LANGUAGE_STANDARD = "gnu++0x";
				CLANG_CXX_LIBRARY = "libc++";
				CLANG_ENABLE_MODULES = YES;
				CLANG_ENABLE_OBJC_ARC = YES;
				CLANG_WARN_BOOL_CONVERSION = YES;
				CLANG_WARN_CONSTANT_CONVERSION = YES;
				CLANG_WARN_DIRECT_OBJC_ISA_USAGE = YES_ERROR;
				CLANG_WARN_EMPTY_BODY = YES;
				CLANG_WARN_ENUM_CONVERSION = YES;
				CLANG_WARN_INT_CONVERSION = YES;
				CLANG_WARN_OBJC_ROOT_CLASS = YES_ERROR;
				CLANG_WARN_UNREACHABLE_CODE = YES;
				CLANG_WARN__DUPLICATE_METHOD_MATCH = YES;
				"CODE_SIGN_IDENTITY[sdk=iphoneos*]" = "iPhone Developer";
				COPY_PHASE_STRIP = NO;
				DEBUG_INFORMATION_FORMAT = "dwarf-with-dsym";
				ENABLE_NS_ASSERTIONS = NO;
				ENABLE_STRICT_OBJC_MSGSEND = YES;
				GCC_C_LANGUAGE_STANDARD = gnu99;
				GCC_NO_COMMON_BLOCKS = YES;
				GCC_WARN_64_TO_32_BIT_CONVERSION = YES;
				GCC_WARN_ABOUT_RETURN_TYPE = YES_ERROR;
				GCC_WARN_UNDECLARED_SELECTOR = YES;
				GCC_WARN_UNINITIALIZED_AUTOS = YES_AGGRESSIVE;
				GCC_WARN_UNUSED_FUNCTION = YES;
				GCC_WARN_UNUSED_VARIABLE = YES;
				IPHONEOS_DEPLOYMENT_TARGET = 9.1;
				MTL_ENABLE_DEBUG_INFO = NO;
				SDKROOT = iphoneos;
				VALIDATE_PRODUCT = YES;
			};
			name = Release;
		};
		0099BF651C1D55BB00F0AEDE /* Debug */ = {
			isa = XCBuildConfiguration;
			buildSettings = {
				ASSETCATALOG_COMPILER_APPICON_NAME = AppIcon;
				CODE_SIGN_IDENTITY = "iPhone Developer";
				INFOPLIST_FILE = ProjectTest1/Info.plist;
				LD_RUNPATH_SEARCH_PATHS = "$(inherited) @executable_path/Frameworks";
				PRODUCT_BUNDLE_IDENTIFIER = a.ProjectTest1;
				PRODUCT_NAME = "$(TARGET_NAME)";
			};
			name = Debug;
		};
		0099BF661C1D55BB00F0AEDE /* Release */ = {
			isa = XCBuildConfiguration;
			buildSettings = {
				ASSETCATALOG_COMPILER_APPICON_NAME = AppIcon;
				CODE_SIGN_IDENTITY = "iPhone Developer";
				INFOPLIST_FILE = ProjectTest1/Info.plist;
				LD_RUNPATH_SEARCH_PATHS = "$(inherited) @executable_path/Frameworks";
				PRODUCT_BUNDLE_IDENTIFIER = a.ProjectTest1;
				PRODUCT_NAME = "$(TARGET_NAME)";
			};
			name = Release;
		};
		0099BF681C1D55BB00F0AEDE /* Debug */ = {
			isa = XCBuildConfiguration;
			buildSettings = {
				BUNDLE_LOADER = "$(TEST_HOST)";
				INFOPLIST_FILE = ProjectTest1Tests/Info.plist;
				LD_RUNPATH_SEARCH_PATHS = "$(inherited) @executable_path/Frameworks @loader_path/Frameworks";
				PRODUCT_BUNDLE_IDENTIFIER = a.ProjectTest1Tests;
				PRODUCT_NAME = "$(TARGET_NAME)";
				TEST_HOST = "$(BUILT_PRODUCTS_DIR)/ProjectTest1.app/ProjectTest1";
			};
			name = Debug;
		};
		0099BF691C1D55BB00F0AEDE /* Release */ = {
			isa = XCBuildConfiguration;
			buildSettings = {
				BUNDLE_LOADER = "$(TEST_HOST)";
				INFOPLIST_FILE = ProjectTest1Tests/Info.plist;
				LD_RUNPATH_SEARCH_PATHS = "$(inherited) @executable_path/Frameworks @loader_path/Frameworks";
				PRODUCT_BUNDLE_IDENTIFIER = a.ProjectTest1Tests;
				PRODUCT_NAME = "$(TARGET_NAME)";
				TEST_HOST = "$(BUILT_PRODUCTS_DIR)/ProjectTest1.app/ProjectTest1";
			};
			name = Release;
		};
		0099BF6B1C1D55BB00F0AEDE /* Debug */ = {
			isa = XCBuildConfiguration;
			buildSettings = {
				INFOPLIST_FILE = ProjectTest1UITests/Info.plist;
				LD_RUNPATH_SEARCH_PATHS = "$(inherited) @executable_path/Frameworks @loader_path/Frameworks";
				PRODUCT_BUNDLE_IDENTIFIER = a.ProjectTest1UITests;
				PRODUCT_NAME = "$(TARGET_NAME)";
				TEST_TARGET_NAME = ProjectTest1;
				USES_XCTRUNNER = YES;
			};
			name = Debug;
		};
		0099BF6C1C1D55BB00F0AEDE /* Release */ = {
			isa = XCBuildConfiguration;
			buildSettings = {
				INFOPLIST_FILE = ProjectTest1UITests/Info.plist;
				LD_RUNPATH_SEARCH_PATHS = "$(inherited) @executable_path/Frameworks @loader_path/Frameworks";
				PRODUCT_BUNDLE_IDENTIFIER = a.ProjectTest1UITests;
				PRODUCT_NAME = "$(TARGET_NAME)";
				TEST_TARGET_NAME = ProjectTest1;
				USES_XCTRUNNER = YES;
			};
			name = Release;
		};
/* End XCBuildConfiguration section */

/* Begin XCConfigurationList section */
		0099BF321C1D55BA00F0AEDE /* Build configuration list for PBXProject "ProjectTest1" */ = {
			isa = XCConfigurationList;
			buildConfigurations = (
				0099BF621C1D55BB00F0AEDE /* Debug */,
				0099BF631C1D55BB00F0AEDE /* Release */,
			);
			defaultConfigurationIsVisible = 0;
			defaultConfigurationName = Release;
		};
		0099BF641C1D55BB00F0AEDE /* Build configuration list for PBXNativeTarget "ProjectTest1" */ = {
			isa = XCConfigurationList;
			buildConfigurations = (
				0099BF651C1D55BB00F0AEDE /* Debug */,
				0099BF661C1D55BB00F0AEDE /* Release */,
			);
			defaultConfigurationIsVisible = 0;
			defaultConfigurationName = Release;
		};
		0099BF671C1D55BB00F0AEDE /* Build configuration list for PBXNativeTarget "ProjectTest1Tests" */ = {
			isa = XCConfigurationList;
			buildConfigurations = (
				0099BF681C1D55BB00F0AEDE /* Debug */,
				0099BF691C1D55BB00F0AEDE /* Release */,
			);
			defaultConfigurationIsVisible = 0;
			defaultConfigurationName = Release;
		};
		0099BF6A1C1D55BB00F0AEDE /* Build configuration list for PBXNativeTarget "ProjectTest1UITests" */ = {
			isa = XCConfigurationList;
			buildConfigurations = (
				0099BF6B1C1D55BB00F0AEDE /* Debug */,
				0099BF6C1C1D55BB00F0AEDE /* Release */,
			);
			defaultConfigurationIsVisible = 0;
			defaultConfigurationName = Release;
		};
/* End XCConfigurationList section */
	};
	rootObject = 0099BF2F1C1D55BA00F0AEDE /* Project object */;
}
